// !$*UTF8*$!
{
	archiveVersion = 1;
	classes = {
	};
	objectVersion = 56;
	objects = {

/* Begin PBXBuildFile section */
		1A2D97312A3B94AA00C665BE /* BusinessDetailView.swift in Sources */ = {isa = PBXBuildFile; fileRef = 1A2D97302A3B94AA00C665BE /* BusinessDetailView.swift */; };
		1A42B21E2A3118D700111344 /* BottomDrawerView.swift in Sources */ = {isa = PBXBuildFile; fileRef = 1A42B21D2A3118D700111344 /* BottomDrawerView.swift */; };
		1A42B2202A3118EF00111344 /* SegmentedPickerView.swift in Sources */ = {isa = PBXBuildFile; fileRef = 1A42B21F2A3118EF00111344 /* SegmentedPickerView.swift */; };
		1A42B2242A311A1D00111344 /* PendingTaskListView.swift in Sources */ = {isa = PBXBuildFile; fileRef = 1A42B2232A311A1D00111344 /* PendingTaskListView.swift */; };
		1A42B2262A311A7300111344 /* CompletedTasksView.swift in Sources */ = {isa = PBXBuildFile; fileRef = 1A42B2252A311A7300111344 /* CompletedTasksView.swift */; };
		1A42B2282A311AAA00111344 /* DetroitDialView.swift in Sources */ = {isa = PBXBuildFile; fileRef = 1A42B2272A311AAA00111344 /* DetroitDialView.swift */; };
		1A42B22E2A326C1200111344 /* Assets.xcassets in Resources */ = {isa = PBXBuildFile; fileRef = 1A42B22D2A326C1200111344 /* Assets.xcassets */; };
		1A4C099C2A1E93810052B582 /* UserLocationManager.swift in Sources */ = {isa = PBXBuildFile; fileRef = 1A4C099B2A1E93810052B582 /* UserLocationManager.swift */; };
		1A4C099F2A213E7A0052B582 /* YelpFusionAPIService.swift in Sources */ = {isa = PBXBuildFile; fileRef = 1A4C099E2A213E7A0052B582 /* YelpFusionAPIService.swift */; };
		1A4C09A12A213EB90052B582 /* APIKeys.swift in Sources */ = {isa = PBXBuildFile; fileRef = 1A4C09A02A213EB90052B582 /* APIKeys.swift */; };
		1A4C09A32A291E9B0052B582 /* AnnotationView.swift in Sources */ = {isa = PBXBuildFile; fileRef = 1A4C09A22A291E9B0052B582 /* AnnotationView.swift */; };
		1AB818C42A1547AE006E99A8 /* CulturedUiApp.swift in Sources */ = {isa = PBXBuildFile; fileRef = 1AB818C32A1547AE006E99A8 /* CulturedUiApp.swift */; };
		1AB818C62A1547AE006E99A8 /* ContentView.swift in Sources */ = {isa = PBXBuildFile; fileRef = 1AB818C52A1547AE006E99A8 /* ContentView.swift */; };
		1AB818CC2A1547AF006E99A8 /* Preview Assets.xcassets in Resources */ = {isa = PBXBuildFile; fileRef = 1AB818CB2A1547AF006E99A8 /* Preview Assets.xcassets */; };
		1AB818D62A1547AF006E99A8 /* CulturedUiTests.swift in Sources */ = {isa = PBXBuildFile; fileRef = 1AB818D52A1547AF006E99A8 /* CulturedUiTests.swift */; };
		1AB818E02A1547AF006E99A8 /* CulturedUiUITests.swift in Sources */ = {isa = PBXBuildFile; fileRef = 1AB818DF2A1547AF006E99A8 /* CulturedUiUITests.swift */; };
		1AB818E22A1547AF006E99A8 /* CulturedUiUITestsLaunchTests.swift in Sources */ = {isa = PBXBuildFile; fileRef = 1AB818E12A1547AF006E99A8 /* CulturedUiUITestsLaunchTests.swift */; };
		1AB818EF2A154939006E99A8 /* MapView.swift in Sources */ = {isa = PBXBuildFile; fileRef = 1AB818EE2A154939006E99A8 /* MapView.swift */; };
		1AB818F22A155F83006E99A8 /* Models.swift in Sources */ = {isa = PBXBuildFile; fileRef = 1AB818F12A155F83006E99A8 /* Models.swift */; };
		1AB818F62A170BFF006E99A8 /* DestinationDataService.swift in Sources */ = {isa = PBXBuildFile; fileRef = 1AB818F52A170BFF006E99A8 /* DestinationDataService.swift */; };
		1AB818F82A17A883006E99A8 /* DestinationsView.swift in Sources */ = {isa = PBXBuildFile; fileRef = 1AB818F72A17A883006E99A8 /* DestinationsView.swift */; };
		1AB818FB2A17B954006E99A8 /* DestinationsViewModel.swift in Sources */ = {isa = PBXBuildFile; fileRef = 1AB818FA2A17B954006E99A8 /* DestinationsViewModel.swift */; };
		1AB818FD2A17F73A006E99A8 /* DropMenuListView.swift in Sources */ = {isa = PBXBuildFile; fileRef = 1AB818FC2A17F73A006E99A8 /* DropMenuListView.swift */; };
/* End PBXBuildFile section */

/* Begin PBXContainerItemProxy section */
		1AB818D22A1547AF006E99A8 /* PBXContainerItemProxy */ = {
			isa = PBXContainerItemProxy;
			containerPortal = 1AB818B82A1547AE006E99A8 /* Project object */;
			proxyType = 1;
			remoteGlobalIDString = 1AB818BF2A1547AE006E99A8;
			remoteInfo = CulturedUi;
		};
		1AB818DC2A1547AF006E99A8 /* PBXContainerItemProxy */ = {
			isa = PBXContainerItemProxy;
			containerPortal = 1AB818B82A1547AE006E99A8 /* Project object */;
			proxyType = 1;
			remoteGlobalIDString = 1AB818BF2A1547AE006E99A8;
			remoteInfo = CulturedUi;
		};
/* End PBXContainerItemProxy section */

/* Begin PBXFileReference section */
		1A2D97302A3B94AA00C665BE /* BusinessDetailView.swift */ = {isa = PBXFileReference; lastKnownFileType = sourcecode.swift; path = BusinessDetailView.swift; sourceTree = "<group>"; };
		1A42B21D2A3118D700111344 /* BottomDrawerView.swift */ = {isa = PBXFileReference; fileEncoding = 4; lastKnownFileType = sourcecode.swift; path = BottomDrawerView.swift; sourceTree = "<group>"; };
		1A42B21F2A3118EF00111344 /* SegmentedPickerView.swift */ = {isa = PBXFileReference; fileEncoding = 4; lastKnownFileType = sourcecode.swift; path = SegmentedPickerView.swift; sourceTree = "<group>"; };
		1A42B2232A311A1D00111344 /* PendingTaskListView.swift */ = {isa = PBXFileReference; fileEncoding = 4; lastKnownFileType = sourcecode.swift; path = PendingTaskListView.swift; sourceTree = "<group>"; };
		1A42B2252A311A7300111344 /* CompletedTasksView.swift */ = {isa = PBXFileReference; fileEncoding = 4; lastKnownFileType = sourcecode.swift; path = CompletedTasksView.swift; sourceTree = "<group>"; };
		1A42B2272A311AAA00111344 /* DetroitDialView.swift */ = {isa = PBXFileReference; fileEncoding = 4; lastKnownFileType = sourcecode.swift; path = DetroitDialView.swift; sourceTree = "<group>"; };
		1A42B22D2A326C1200111344 /* Assets.xcassets */ = {isa = PBXFileReference; lastKnownFileType = folder.assetcatalog; path = Assets.xcassets; sourceTree = "<group>"; };
		1A4C099B2A1E93810052B582 /* UserLocationManager.swift */ = {isa = PBXFileReference; lastKnownFileType = sourcecode.swift; path = UserLocationManager.swift; sourceTree = "<group>"; };
		1A4C099E2A213E7A0052B582 /* YelpFusionAPIService.swift */ = {isa = PBXFileReference; fileEncoding = 4; lastKnownFileType = sourcecode.swift; path = YelpFusionAPIService.swift; sourceTree = "<group>"; };
		1A4C09A02A213EB90052B582 /* APIKeys.swift */ = {isa = PBXFileReference; fileEncoding = 4; lastKnownFileType = sourcecode.swift; path = APIKeys.swift; sourceTree = "<group>"; };
		1A4C09A22A291E9B0052B582 /* AnnotationView.swift */ = {isa = PBXFileReference; lastKnownFileType = sourcecode.swift; path = AnnotationView.swift; sourceTree = "<group>"; };
		1AB818C02A1547AE006E99A8 /* CulturedUi.app */ = {isa = PBXFileReference; explicitFileType = wrapper.application; includeInIndex = 0; path = CulturedUi.app; sourceTree = BUILT_PRODUCTS_DIR; };
		1AB818C32A1547AE006E99A8 /* CulturedUiApp.swift */ = {isa = PBXFileReference; lastKnownFileType = sourcecode.swift; path = CulturedUiApp.swift; sourceTree = "<group>"; };
		1AB818C52A1547AE006E99A8 /* ContentView.swift */ = {isa = PBXFileReference; lastKnownFileType = sourcecode.swift; path = ContentView.swift; sourceTree = "<group>"; };
		1AB818C92A1547AF006E99A8 /* CulturedUi.entitlements */ = {isa = PBXFileReference; lastKnownFileType = text.plist.entitlements; path = CulturedUi.entitlements; sourceTree = "<group>"; };
		1AB818CB2A1547AF006E99A8 /* Preview Assets.xcassets */ = {isa = PBXFileReference; lastKnownFileType = folder.assetcatalog; path = "Preview Assets.xcassets"; sourceTree = "<group>"; };
		1AB818D12A1547AF006E99A8 /* CulturedUiTests.xctest */ = {isa = PBXFileReference; explicitFileType = wrapper.cfbundle; includeInIndex = 0; path = CulturedUiTests.xctest; sourceTree = BUILT_PRODUCTS_DIR; };
		1AB818D52A1547AF006E99A8 /* CulturedUiTests.swift */ = {isa = PBXFileReference; lastKnownFileType = sourcecode.swift; path = CulturedUiTests.swift; sourceTree = "<group>"; };
		1AB818DB2A1547AF006E99A8 /* CulturedUiUITests.xctest */ = {isa = PBXFileReference; explicitFileType = wrapper.cfbundle; includeInIndex = 0; path = CulturedUiUITests.xctest; sourceTree = BUILT_PRODUCTS_DIR; };
		1AB818DF2A1547AF006E99A8 /* CulturedUiUITests.swift */ = {isa = PBXFileReference; lastKnownFileType = sourcecode.swift; path = CulturedUiUITests.swift; sourceTree = "<group>"; };
		1AB818E12A1547AF006E99A8 /* CulturedUiUITestsLaunchTests.swift */ = {isa = PBXFileReference; lastKnownFileType = sourcecode.swift; path = CulturedUiUITestsLaunchTests.swift; sourceTree = "<group>"; };
		1AB818EE2A154939006E99A8 /* MapView.swift */ = {isa = PBXFileReference; lastKnownFileType = sourcecode.swift; path = MapView.swift; sourceTree = "<group>"; };
		1AB818F12A155F83006E99A8 /* Models.swift */ = {isa = PBXFileReference; lastKnownFileType = sourcecode.swift; path = Models.swift; sourceTree = "<group>"; };
		1AB818F52A170BFF006E99A8 /* DestinationDataService.swift */ = {isa = PBXFileReference; lastKnownFileType = sourcecode.swift; path = DestinationDataService.swift; sourceTree = "<group>"; };
		1AB818F72A17A883006E99A8 /* DestinationsView.swift */ = {isa = PBXFileReference; lastKnownFileType = sourcecode.swift; path = DestinationsView.swift; sourceTree = "<group>"; };
		1AB818FA2A17B954006E99A8 /* DestinationsViewModel.swift */ = {isa = PBXFileReference; lastKnownFileType = sourcecode.swift; path = DestinationsViewModel.swift; sourceTree = "<group>"; };
		1AB818FC2A17F73A006E99A8 /* DropMenuListView.swift */ = {isa = PBXFileReference; lastKnownFileType = sourcecode.swift; path = DropMenuListView.swift; sourceTree = "<group>"; };
/* End PBXFileReference section */

/* Begin PBXFrameworksBuildPhase section */
		1AB818BD2A1547AE006E99A8 /* Frameworks */ = {
			isa = PBXFrameworksBuildPhase;
			buildActionMask = 2147483647;
			files = (
			);
			runOnlyForDeploymentPostprocessing = 0;
		};
		1AB818CE2A1547AF006E99A8 /* Frameworks */ = {
			isa = PBXFrameworksBuildPhase;
			buildActionMask = 2147483647;
			files = (
			);
			runOnlyForDeploymentPostprocessing = 0;
		};
		1AB818D82A1547AF006E99A8 /* Frameworks */ = {
			isa = PBXFrameworksBuildPhase;
			buildActionMask = 2147483647;
			files = (
			);
			runOnlyForDeploymentPostprocessing = 0;
		};
/* End PBXFrameworksBuildPhase section */

/* Begin PBXGroup section */
		1A4C099D2A1E938F0052B582 /* Managers */ = {
			isa = PBXGroup;
			children = (
				1A4C099B2A1E93810052B582 /* UserLocationManager.swift */,
			);
			path = Managers;
			sourceTree = "<group>";
		};
		1AB818B72A1547AE006E99A8 = {
			isa = PBXGroup;
			children = (
				1A4C099D2A1E938F0052B582 /* Managers */,
				1AB818C22A1547AE006E99A8 /* CulturedUi */,
				1AB818D42A1547AF006E99A8 /* CulturedUiTests */,
				1AB818DE2A1547AF006E99A8 /* CulturedUiUITests */,
				1AB818C12A1547AE006E99A8 /* Products */,
			);
			sourceTree = "<group>";
		};
		1AB818C12A1547AE006E99A8 /* Products */ = {
			isa = PBXGroup;
			children = (
				1AB818C02A1547AE006E99A8 /* CulturedUi.app */,
				1AB818D12A1547AF006E99A8 /* CulturedUiTests.xctest */,
				1AB818DB2A1547AF006E99A8 /* CulturedUiUITests.xctest */,
			);
			name = Products;
			sourceTree = "<group>";
		};
		1AB818C22A1547AE006E99A8 /* CulturedUi */ = {
			isa = PBXGroup;
			children = (
				1AB818C32A1547AE006E99A8 /* CulturedUiApp.swift */,
				1AB818F42A170BC5006E99A8 /* DataServices */,
				1AB818F02A15495D006E99A8 /* Views */,
				1AB818C92A1547AF006E99A8 /* CulturedUi.entitlements */,
				1A42B22D2A326C1200111344 /* Assets.xcassets */,
				1AB818CA2A1547AF006E99A8 /* Preview Content */,
			);
			path = CulturedUi;
			sourceTree = "<group>";
		};
		1AB818CA2A1547AF006E99A8 /* Preview Content */ = {
			isa = PBXGroup;
			children = (
				1AB818CB2A1547AF006E99A8 /* Preview Assets.xcassets */,
			);
			path = "Preview Content";
			sourceTree = "<group>";
		};
		1AB818D42A1547AF006E99A8 /* CulturedUiTests */ = {
			isa = PBXGroup;
			children = (
				1AB818D52A1547AF006E99A8 /* CulturedUiTests.swift */,
			);
			path = CulturedUiTests;
			sourceTree = "<group>";
		};
		1AB818DE2A1547AF006E99A8 /* CulturedUiUITests */ = {
			isa = PBXGroup;
			children = (
				1AB818DF2A1547AF006E99A8 /* CulturedUiUITests.swift */,
				1AB818E12A1547AF006E99A8 /* CulturedUiUITestsLaunchTests.swift */,
			);
			path = CulturedUiUITests;
			sourceTree = "<group>";
		};
		1AB818F02A15495D006E99A8 /* Views */ = {
			isa = PBXGroup;
			children = (
				1AB818C52A1547AE006E99A8 /* ContentView.swift */,
				1AB818EE2A154939006E99A8 /* MapView.swift */,
				1AB818F72A17A883006E99A8 /* DestinationsView.swift */,
				1AB818FC2A17F73A006E99A8 /* DropMenuListView.swift */,
				1A4C09A22A291E9B0052B582 /* AnnotationView.swift */,
				1A42B21D2A3118D700111344 /* BottomDrawerView.swift */,
				1A42B21F2A3118EF00111344 /* SegmentedPickerView.swift */,
				1A42B2232A311A1D00111344 /* PendingTaskListView.swift */,
				1A42B2252A311A7300111344 /* CompletedTasksView.swift */,
				1A42B2272A311AAA00111344 /* DetroitDialView.swift */,
				1A2D97302A3B94AA00C665BE /* BusinessDetailView.swift */,
				1AB818F92A17B92E006E99A8 /* DestinationsViewModel */,
				1AB818F32A155F8D006E99A8 /* Models */,
			);
			path = Views;
			sourceTree = "<group>";
		};
		1AB818F32A155F8D006E99A8 /* Models */ = {
			isa = PBXGroup;
			children = (
				1AB818F12A155F83006E99A8 /* Models.swift */,
			);
			path = Models;
			sourceTree = "<group>";
		};
		1AB818F42A170BC5006E99A8 /* DataServices */ = {
			isa = PBXGroup;
			children = (
				1AB818F52A170BFF006E99A8 /* DestinationDataService.swift */,
				1A4C099E2A213E7A0052B582 /* YelpFusionAPIService.swift */,
				1A4C09A02A213EB90052B582 /* APIKeys.swift */,
			);
			path = DataServices;
			sourceTree = "<group>";
		};
		1AB818F92A17B92E006E99A8 /* DestinationsViewModel */ = {
			isa = PBXGroup;
			children = (
				1AB818FA2A17B954006E99A8 /* DestinationsViewModel.swift */,
			);
			path = DestinationsViewModel;
			sourceTree = "<group>";
		};
/* End PBXGroup section */

/* Begin PBXNativeTarget section */
		1AB818BF2A1547AE006E99A8 /* CulturedUi */ = {
			isa = PBXNativeTarget;
			buildConfigurationList = 1AB818E52A1547AF006E99A8 /* Build configuration list for PBXNativeTarget "CulturedUi" */;
			buildPhases = (
				1AB818BC2A1547AE006E99A8 /* Sources */,
				1AB818BD2A1547AE006E99A8 /* Frameworks */,
				1AB818BE2A1547AE006E99A8 /* Resources */,
			);
			buildRules = (
			);
			dependencies = (
			);
			name = CulturedUi;
			productName = CulturedUi;
			productReference = 1AB818C02A1547AE006E99A8 /* CulturedUi.app */;
			productType = "com.apple.product-type.application";
		};
		1AB818D02A1547AF006E99A8 /* CulturedUiTests */ = {
			isa = PBXNativeTarget;
			buildConfigurationList = 1AB818E82A1547AF006E99A8 /* Build configuration list for PBXNativeTarget "CulturedUiTests" */;
			buildPhases = (
				1AB818CD2A1547AF006E99A8 /* Sources */,
				1AB818CE2A1547AF006E99A8 /* Frameworks */,
				1AB818CF2A1547AF006E99A8 /* Resources */,
			);
			buildRules = (
			);
			dependencies = (
				1AB818D32A1547AF006E99A8 /* PBXTargetDependency */,
			);
			name = CulturedUiTests;
			productName = CulturedUiTests;
			productReference = 1AB818D12A1547AF006E99A8 /* CulturedUiTests.xctest */;
			productType = "com.apple.product-type.bundle.unit-test";
		};
		1AB818DA2A1547AF006E99A8 /* CulturedUiUITests */ = {
			isa = PBXNativeTarget;
			buildConfigurationList = 1AB818EB2A1547AF006E99A8 /* Build configuration list for PBXNativeTarget "CulturedUiUITests" */;
			buildPhases = (
				1AB818D72A1547AF006E99A8 /* Sources */,
				1AB818D82A1547AF006E99A8 /* Frameworks */,
				1AB818D92A1547AF006E99A8 /* Resources */,
			);
			buildRules = (
			);
			dependencies = (
				1AB818DD2A1547AF006E99A8 /* PBXTargetDependency */,
			);
			name = CulturedUiUITests;
			productName = CulturedUiUITests;
			productReference = 1AB818DB2A1547AF006E99A8 /* CulturedUiUITests.xctest */;
			productType = "com.apple.product-type.bundle.ui-testing";
		};
/* End PBXNativeTarget section */

/* Begin PBXProject section */
		1AB818B82A1547AE006E99A8 /* Project object */ = {
			isa = PBXProject;
			attributes = {
				BuildIndependentTargetsInParallel = 1;
				LastSwiftUpdateCheck = 1430;
				LastUpgradeCheck = 1430;
				TargetAttributes = {
					1AB818BF2A1547AE006E99A8 = {
						CreatedOnToolsVersion = 14.3;
					};
					1AB818D02A1547AF006E99A8 = {
						CreatedOnToolsVersion = 14.3;
						TestTargetID = 1AB818BF2A1547AE006E99A8;
					};
					1AB818DA2A1547AF006E99A8 = {
						CreatedOnToolsVersion = 14.3;
						TestTargetID = 1AB818BF2A1547AE006E99A8;
					};
				};
			};
			buildConfigurationList = 1AB818BB2A1547AE006E99A8 /* Build configuration list for PBXProject "CulturedUi" */;
			compatibilityVersion = "Xcode 14.0";
			developmentRegion = en;
			hasScannedForEncodings = 0;
			knownRegions = (
				en,
				Base,
			);
			mainGroup = 1AB818B72A1547AE006E99A8;
			productRefGroup = 1AB818C12A1547AE006E99A8 /* Products */;
			projectDirPath = "";
			projectRoot = "";
			targets = (
				1AB818BF2A1547AE006E99A8 /* CulturedUi */,
				1AB818D02A1547AF006E99A8 /* CulturedUiTests */,
				1AB818DA2A1547AF006E99A8 /* CulturedUiUITests */,
			);
		};
/* End PBXProject section */

/* Begin PBXResourcesBuildPhase section */
		1AB818BE2A1547AE006E99A8 /* Resources */ = {
			isa = PBXResourcesBuildPhase;
			buildActionMask = 2147483647;
			files = (
				1A42B22E2A326C1200111344 /* Assets.xcassets in Resources */,
				1AB818CC2A1547AF006E99A8 /* Preview Assets.xcassets in Resources */,
			);
			runOnlyForDeploymentPostprocessing = 0;
		};
		1AB818CF2A1547AF006E99A8 /* Resources */ = {
			isa = PBXResourcesBuildPhase;
			buildActionMask = 2147483647;
			files = (
			);
			runOnlyForDeploymentPostprocessing = 0;
		};
		1AB818D92A1547AF006E99A8 /* Resources */ = {
			isa = PBXResourcesBuildPhase;
			buildActionMask = 2147483647;
			files = (
			);
			runOnlyForDeploymentPostprocessing = 0;
		};
/* End PBXResourcesBuildPhase section */

/* Begin PBXSourcesBuildPhase section */
		1AB818BC2A1547AE006E99A8 /* Sources */ = {
			isa = PBXSourcesBuildPhase;
			buildActionMask = 2147483647;
			files = (
				1A4C09A12A213EB90052B582 /* APIKeys.swift in Sources */,
				1A4C09A32A291E9B0052B582 /* AnnotationView.swift in Sources */,
				1AB818FB2A17B954006E99A8 /* DestinationsViewModel.swift in Sources */,
				1A42B2242A311A1D00111344 /* PendingTaskListView.swift in Sources */,
				1AB818FD2A17F73A006E99A8 /* DropMenuListView.swift in Sources */,
				1AB818C62A1547AE006E99A8 /* ContentView.swift in Sources */,
				1AB818F82A17A883006E99A8 /* DestinationsView.swift in Sources */,
				1A42B2262A311A7300111344 /* CompletedTasksView.swift in Sources */,
				1A42B21E2A3118D700111344 /* BottomDrawerView.swift in Sources */,
				1A4C099F2A213E7A0052B582 /* YelpFusionAPIService.swift in Sources */,
				1AB818F62A170BFF006E99A8 /* DestinationDataService.swift in Sources */,
				1AB818EF2A154939006E99A8 /* MapView.swift in Sources */,
				1AB818C42A1547AE006E99A8 /* CulturedUiApp.swift in Sources */,
				1A2D97312A3B94AA00C665BE /* BusinessDetailView.swift in Sources */,
				1A42B2202A3118EF00111344 /* SegmentedPickerView.swift in Sources */,
				1AB818F22A155F83006E99A8 /* Models.swift in Sources */,
				1A42B2282A311AAA00111344 /* DetroitDialView.swift in Sources */,
				1A4C099C2A1E93810052B582 /* UserLocationManager.swift in Sources */,
			);
			runOnlyForDeploymentPostprocessing = 0;
		};
		1AB818CD2A1547AF006E99A8 /* Sources */ = {
			isa = PBXSourcesBuildPhase;
			buildActionMask = 2147483647;
			files = (
				1AB818D62A1547AF006E99A8 /* CulturedUiTests.swift in Sources */,
			);
			runOnlyForDeploymentPostprocessing = 0;
		};
		1AB818D72A1547AF006E99A8 /* Sources */ = {
			isa = PBXSourcesBuildPhase;
			buildActionMask = 2147483647;
			files = (
				1AB818E22A1547AF006E99A8 /* CulturedUiUITestsLaunchTests.swift in Sources */,
				1AB818E02A1547AF006E99A8 /* CulturedUiUITests.swift in Sources */,
			);
			runOnlyForDeploymentPostprocessing = 0;
		};
/* End PBXSourcesBuildPhase section */

/* Begin PBXTargetDependency section */
		1AB818D32A1547AF006E99A8 /* PBXTargetDependency */ = {
			isa = PBXTargetDependency;
			target = 1AB818BF2A1547AE006E99A8 /* CulturedUi */;
			targetProxy = 1AB818D22A1547AF006E99A8 /* PBXContainerItemProxy */;
		};
		1AB818DD2A1547AF006E99A8 /* PBXTargetDependency */ = {
			isa = PBXTargetDependency;
			target = 1AB818BF2A1547AE006E99A8 /* CulturedUi */;
			targetProxy = 1AB818DC2A1547AF006E99A8 /* PBXContainerItemProxy */;
		};
/* End PBXTargetDependency section */

/* Begin XCBuildConfiguration section */
		1AB818E32A1547AF006E99A8 /* Debug */ = {
			isa = XCBuildConfiguration;
			buildSettings = {
				ALWAYS_SEARCH_USER_PATHS = NO;
				CLANG_ANALYZER_NONNULL = YES;
				CLANG_ANALYZER_NUMBER_OBJECT_CONVERSION = YES_AGGRESSIVE;
				CLANG_CXX_LANGUAGE_STANDARD = "gnu++20";
				CLANG_ENABLE_MODULES = YES;
				CLANG_ENABLE_OBJC_ARC = YES;
				CLANG_ENABLE_OBJC_WEAK = YES;
				CLANG_WARN_BLOCK_CAPTURE_AUTORELEASING = YES;
				CLANG_WARN_BOOL_CONVERSION = YES;
				CLANG_WARN_COMMA = YES;
				CLANG_WARN_CONSTANT_CONVERSION = YES;
				CLANG_WARN_DEPRECATED_OBJC_IMPLEMENTATIONS = YES;
				CLANG_WARN_DIRECT_OBJC_ISA_USAGE = YES_ERROR;
				CLANG_WARN_DOCUMENTATION_COMMENTS = YES;
				CLANG_WARN_EMPTY_BODY = YES;
				CLANG_WARN_ENUM_CONVERSION = YES;
				CLANG_WARN_INFINITE_RECURSION = YES;
				CLANG_WARN_INT_CONVERSION = YES;
				CLANG_WARN_NON_LITERAL_NULL_CONVERSION = YES;
				CLANG_WARN_OBJC_IMPLICIT_RETAIN_SELF = YES;
				CLANG_WARN_OBJC_LITERAL_CONVERSION = YES;
				CLANG_WARN_OBJC_ROOT_CLASS = YES_ERROR;
				CLANG_WARN_QUOTED_INCLUDE_IN_FRAMEWORK_HEADER = YES;
				CLANG_WARN_RANGE_LOOP_ANALYSIS = YES;
				CLANG_WARN_STRICT_PROTOTYPES = YES;
				CLANG_WARN_SUSPICIOUS_MOVE = YES;
				CLANG_WARN_UNGUARDED_AVAILABILITY = YES_AGGRESSIVE;
				CLANG_WARN_UNREACHABLE_CODE = YES;
				CLANG_WARN__DUPLICATE_METHOD_MATCH = YES;
				COPY_PHASE_STRIP = NO;
				DEBUG_INFORMATION_FORMAT = dwarf;
				ENABLE_STRICT_OBJC_MSGSEND = YES;
				ENABLE_TESTABILITY = YES;
				GCC_C_LANGUAGE_STANDARD = gnu11;
				GCC_DYNAMIC_NO_PIC = NO;
				GCC_NO_COMMON_BLOCKS = YES;
				GCC_OPTIMIZATION_LEVEL = 0;
				GCC_PREPROCESSOR_DEFINITIONS = (
					"DEBUG=1",
					"$(inherited)",
				);
				GCC_WARN_64_TO_32_BIT_CONVERSION = YES;
				GCC_WARN_ABOUT_RETURN_TYPE = YES_ERROR;
				GCC_WARN_UNDECLARED_SELECTOR = YES;
				GCC_WARN_UNINITIALIZED_AUTOS = YES_AGGRESSIVE;
				GCC_WARN_UNUSED_FUNCTION = YES;
				GCC_WARN_UNUSED_VARIABLE = YES;
				MTL_ENABLE_DEBUG_INFO = INCLUDE_SOURCE;
				MTL_FAST_MATH = YES;
				ONLY_ACTIVE_ARCH = YES;
				SWIFT_ACTIVE_COMPILATION_CONDITIONS = DEBUG;
				SWIFT_OPTIMIZATION_LEVEL = "-Onone";
			};
			name = Debug;
		};
		1AB818E42A1547AF006E99A8 /* Release */ = {
			isa = XCBuildConfiguration;
			buildSettings = {
				ALWAYS_SEARCH_USER_PATHS = NO;
				CLANG_ANALYZER_NONNULL = YES;
				CLANG_ANALYZER_NUMBER_OBJECT_CONVERSION = YES_AGGRESSIVE;
				CLANG_CXX_LANGUAGE_STANDARD = "gnu++20";
				CLANG_ENABLE_MODULES = YES;
				CLANG_ENABLE_OBJC_ARC = YES;
				CLANG_ENABLE_OBJC_WEAK = YES;
				CLANG_WARN_BLOCK_CAPTURE_AUTORELEASING = YES;
				CLANG_WARN_BOOL_CONVERSION = YES;
				CLANG_WARN_COMMA = YES;
				CLANG_WARN_CONSTANT_CONVERSION = YES;
				CLANG_WARN_DEPRECATED_OBJC_IMPLEMENTATIONS = YES;
				CLANG_WARN_DIRECT_OBJC_ISA_USAGE = YES_ERROR;
				CLANG_WARN_DOCUMENTATION_COMMENTS = YES;
				CLANG_WARN_EMPTY_BODY = YES;
				CLANG_WARN_ENUM_CONVERSION = YES;
				CLANG_WARN_INFINITE_RECURSION = YES;
				CLANG_WARN_INT_CONVERSION = YES;
				CLANG_WARN_NON_LITERAL_NULL_CONVERSION = YES;
				CLANG_WARN_OBJC_IMPLICIT_RETAIN_SELF = YES;
				CLANG_WARN_OBJC_LITERAL_CONVERSION = YES;
				CLANG_WARN_OBJC_ROOT_CLASS = YES_ERROR;
				CLANG_WARN_QUOTED_INCLUDE_IN_FRAMEWORK_HEADER = YES;
				CLANG_WARN_RANGE_LOOP_ANALYSIS = YES;
				CLANG_WARN_STRICT_PROTOTYPES = YES;
				CLANG_WARN_SUSPICIOUS_MOVE = YES;
				CLANG_WARN_UNGUARDED_AVAILABILITY = YES_AGGRESSIVE;
				CLANG_WARN_UNREACHABLE_CODE = YES;
				CLANG_WARN__DUPLICATE_METHOD_MATCH = YES;
				COPY_PHASE_STRIP = NO;
				DEBUG_INFORMATION_FORMAT = "dwarf-with-dsym";
				ENABLE_NS_ASSERTIONS = NO;
				ENABLE_STRICT_OBJC_MSGSEND = YES;
				GCC_C_LANGUAGE_STANDARD = gnu11;
				GCC_NO_COMMON_BLOCKS = YES;
				GCC_WARN_64_TO_32_BIT_CONVERSION = YES;
				GCC_WARN_ABOUT_RETURN_TYPE = YES_ERROR;
				GCC_WARN_UNDECLARED_SELECTOR = YES;
				GCC_WARN_UNINITIALIZED_AUTOS = YES_AGGRESSIVE;
				GCC_WARN_UNUSED_FUNCTION = YES;
				GCC_WARN_UNUSED_VARIABLE = YES;
				MTL_ENABLE_DEBUG_INFO = NO;
				MTL_FAST_MATH = YES;
				SWIFT_COMPILATION_MODE = wholemodule;
				SWIFT_OPTIMIZATION_LEVEL = "-O";
			};
			name = Release;
		};
		1AB818E62A1547AF006E99A8 /* Debug */ = {
			isa = XCBuildConfiguration;
			buildSettings = {
				ASSETCATALOG_COMPILER_APPICON_NAME = AppIcon;
				ASSETCATALOG_COMPILER_GLOBAL_ACCENT_COLOR_NAME = AccentColor;
				CODE_SIGN_ENTITLEMENTS = CulturedUi/CulturedUi.entitlements;
				CODE_SIGN_STYLE = Automatic;
				CURRENT_PROJECT_VERSION = 1;
				DEVELOPMENT_ASSET_PATHS = "\"CulturedUi/Preview Content\"";
				DEVELOPMENT_TEAM = KY5FDC9N4H;
				ENABLE_HARDENED_RUNTIME = YES;
				ENABLE_PREVIEWS = YES;
				GENERATE_INFOPLIST_FILE = YES;
				INFOPLIST_KEY_NSLocationWhenInUseUsageDescription = "Need permission to determaine users location in order to complete activities";
				"INFOPLIST_KEY_UIApplicationSceneManifest_Generation[sdk=iphoneos*]" = YES;
				"INFOPLIST_KEY_UIApplicationSceneManifest_Generation[sdk=iphonesimulator*]" = YES;
				"INFOPLIST_KEY_UIApplicationSupportsIndirectInputEvents[sdk=iphoneos*]" = YES;
				"INFOPLIST_KEY_UIApplicationSupportsIndirectInputEvents[sdk=iphonesimulator*]" = YES;
				"INFOPLIST_KEY_UILaunchScreen_Generation[sdk=iphoneos*]" = YES;
				"INFOPLIST_KEY_UILaunchScreen_Generation[sdk=iphonesimulator*]" = YES;
				"INFOPLIST_KEY_UIStatusBarStyle[sdk=iphoneos*]" = UIStatusBarStyleDefault;
				"INFOPLIST_KEY_UIStatusBarStyle[sdk=iphonesimulator*]" = UIStatusBarStyleDefault;
				INFOPLIST_KEY_UISupportedInterfaceOrientations_iPad = "UIInterfaceOrientationPortrait UIInterfaceOrientationPortraitUpsideDown UIInterfaceOrientationLandscapeLeft UIInterfaceOrientationLandscapeRight";
				INFOPLIST_KEY_UISupportedInterfaceOrientations_iPhone = "UIInterfaceOrientationPortrait UIInterfaceOrientationLandscapeLeft UIInterfaceOrientationLandscapeRight";
				IPHONEOS_DEPLOYMENT_TARGET = 16.4;
				LD_RUNPATH_SEARCH_PATHS = "@executable_path/Frameworks";
				"LD_RUNPATH_SEARCH_PATHS[sdk=macosx*]" = "@executable_path/../Frameworks";
				MACOSX_DEPLOYMENT_TARGET = 13.3;
				MARKETING_VERSION = 1.0;
				PRODUCT_BUNDLE_IDENTIFIER = morganware.benia.CulturedUi;
				PRODUCT_NAME = "$(TARGET_NAME)";
				SDKROOT = auto;
				SUPPORTED_PLATFORMS = "iphoneos iphonesimulator macosx";
				SWIFT_EMIT_LOC_STRINGS = YES;
				SWIFT_VERSION = 5.0;
				TARGETED_DEVICE_FAMILY = "1,2";
			};
			name = Debug;
		};
		1AB818E72A1547AF006E99A8 /* Release */ = {
			isa = XCBuildConfiguration;
			buildSettings = {
				ASSETCATALOG_COMPILER_APPICON_NAME = AppIcon;
				ASSETCATALOG_COMPILER_GLOBAL_ACCENT_COLOR_NAME = AccentColor;
				CODE_SIGN_ENTITLEMENTS = CulturedUi/CulturedUi.entitlements;
				CODE_SIGN_STYLE = Automatic;
				CURRENT_PROJECT_VERSION = 1;
				DEVELOPMENT_ASSET_PATHS = "\"CulturedUi/Preview Content\"";
				DEVELOPMENT_TEAM = KY5FDC9N4H;
				ENABLE_HARDENED_RUNTIME = YES;
				ENABLE_PREVIEWS = YES;
				GENERATE_INFOPLIST_FILE = YES;
				INFOPLIST_KEY_NSLocationWhenInUseUsageDescription = "Need permission to determaine users location in order to complete activities";
				"INFOPLIST_KEY_UIApplicationSceneManifest_Generation[sdk=iphoneos*]" = YES;
				"INFOPLIST_KEY_UIApplicationSceneManifest_Generation[sdk=iphonesimulator*]" = YES;
				"INFOPLIST_KEY_UIApplicationSupportsIndirectInputEvents[sdk=iphoneos*]" = YES;
				"INFOPLIST_KEY_UIApplicationSupportsIndirectInputEvents[sdk=iphonesimulator*]" = YES;
				"INFOPLIST_KEY_UILaunchScreen_Generation[sdk=iphoneos*]" = YES;
				"INFOPLIST_KEY_UILaunchScreen_Generation[sdk=iphonesimulator*]" = YES;
				"INFOPLIST_KEY_UIStatusBarStyle[sdk=iphoneos*]" = UIStatusBarStyleDefault;
				"INFOPLIST_KEY_UIStatusBarStyle[sdk=iphonesimulator*]" = UIStatusBarStyleDefault;
				INFOPLIST_KEY_UISupportedInterfaceOrientations_iPad = "UIInterfaceOrientationPortrait UIInterfaceOrientationPortraitUpsideDown UIInterfaceOrientationLandscapeLeft UIInterfaceOrientationLandscapeRight";
				INFOPLIST_KEY_UISupportedInterfaceOrientations_iPhone = "UIInterfaceOrientationPortrait UIInterfaceOrientationLandscapeLeft UIInterfaceOrientationLandscapeRight";
				IPHONEOS_DEPLOYMENT_TARGET = 16.4;
				LD_RUNPATH_SEARCH_PATHS = "@executable_path/Frameworks";
				"LD_RUNPATH_SEARCH_PATHS[sdk=macosx*]" = "@executable_path/../Frameworks";
				MACOSX_DEPLOYMENT_TARGET = 13.3;
				MARKETING_VERSION = 1.0;
				PRODUCT_BUNDLE_IDENTIFIER = morganware.benia.CulturedUi;
				PRODUCT_NAME = "$(TARGET_NAME)";
				SDKROOT = auto;
				SUPPORTED_PLATFORMS = "iphoneos iphonesimulator macosx";
				SWIFT_EMIT_LOC_STRINGS = YES;
				SWIFT_VERSION = 5.0;
				TARGETED_DEVICE_FAMILY = "1,2";
			};
			name = Release;
		};
		1AB818E92A1547AF006E99A8 /* Debug */ = {
			isa = XCBuildConfiguration;
			buildSettings = {
				ALWAYS_EMBED_SWIFT_STANDARD_LIBRARIES = YES;
				BUNDLE_LOADER = "$(TEST_HOST)";
				CODE_SIGN_STYLE = Automatic;
				CURRENT_PROJECT_VERSION = 1;
				DEVELOPMENT_TEAM = KY5FDC9N4H;
				GENERATE_INFOPLIST_FILE = YES;
				IPHONEOS_DEPLOYMENT_TARGET = 16.4;
				MACOSX_DEPLOYMENT_TARGET = 13.3;
				MARKETING_VERSION = 1.0;
				PRODUCT_BUNDLE_IDENTIFIER = morganware.benia.CulturedUiTests;
				PRODUCT_NAME = "$(TARGET_NAME)";
				SDKROOT = auto;
				SUPPORTED_PLATFORMS = "iphoneos iphonesimulator macosx";
				SWIFT_EMIT_LOC_STRINGS = NO;
				SWIFT_VERSION = 5.0;
				TARGETED_DEVICE_FAMILY = "1,2";
				TEST_HOST = "$(BUILT_PRODUCTS_DIR)/CulturedUi.app/$(BUNDLE_EXECUTABLE_FOLDER_PATH)/CulturedUi";
			};
			name = Debug;
		};
		1AB818EA2A1547AF006E99A8 /* Release */ = {
			isa = XCBuildConfiguration;
			buildSettings = {
				ALWAYS_EMBED_SWIFT_STANDARD_LIBRARIES = YES;
				BUNDLE_LOADER = "$(TEST_HOST)";
				CODE_SIGN_STYLE = Automatic;
				CURRENT_PROJECT_VERSION = 1;
				DEVELOPMENT_TEAM = KY5FDC9N4H;
				GENERATE_INFOPLIST_FILE = YES;
				IPHONEOS_DEPLOYMENT_TARGET = 16.4;
				MACOSX_DEPLOYMENT_TARGET = 13.3;
				MARKETING_VERSION = 1.0;
				PRODUCT_BUNDLE_IDENTIFIER = morganware.benia.CulturedUiTests;
				PRODUCT_NAME = "$(TARGET_NAME)";
				SDKROOT = auto;
				SUPPORTED_PLATFORMS = "iphoneos iphonesimulator macosx";
				SWIFT_EMIT_LOC_STRINGS = NO;
				SWIFT_VERSION = 5.0;
				TARGETED_DEVICE_FAMILY = "1,2";
				TEST_HOST = "$(BUILT_PRODUCTS_DIR)/CulturedUi.app/$(BUNDLE_EXECUTABLE_FOLDER_PATH)/CulturedUi";
			};
			name = Release;
		};
		1AB818EC2A1547AF006E99A8 /* Debug */ = {
			isa = XCBuildConfiguration;
			buildSettings = {
				ALWAYS_EMBED_SWIFT_STANDARD_LIBRARIES = YES;
				CODE_SIGN_STYLE = Automatic;
				CURRENT_PROJECT_VERSION = 1;
				DEVELOPMENT_TEAM = KY5FDC9N4H;
				GENERATE_INFOPLIST_FILE = YES;
				IPHONEOS_DEPLOYMENT_TARGET = 16.4;
				MACOSX_DEPLOYMENT_TARGET = 13.3;
				MARKETING_VERSION = 1.0;
				PRODUCT_BUNDLE_IDENTIFIER = morganware.benia.CulturedUiUITests;
				PRODUCT_NAME = "$(TARGET_NAME)";
				SDKROOT = auto;
				SUPPORTED_PLATFORMS = "iphoneos iphonesimulator macosx";
				SWIFT_EMIT_LOC_STRINGS = NO;
				SWIFT_VERSION = 5.0;
				TARGETED_DEVICE_FAMILY = "1,2";
				TEST_TARGET_NAME = CulturedUi;
			};
			name = Debug;
		};
		1AB818ED2A1547AF006E99A8 /* Release */ = {
			isa = XCBuildConfiguration;
			buildSettings = {
				ALWAYS_EMBED_SWIFT_STANDARD_LIBRARIES = YES;
				CODE_SIGN_STYLE = Automatic;
				CURRENT_PROJECT_VERSION = 1;
				DEVELOPMENT_TEAM = KY5FDC9N4H;
				GENERATE_INFOPLIST_FILE = YES;
				IPHONEOS_DEPLOYMENT_TARGET = 16.4;
				MACOSX_DEPLOYMENT_TARGET = 13.3;
				MARKETING_VERSION = 1.0;
				PRODUCT_BUNDLE_IDENTIFIER = morganware.benia.CulturedUiUITests;
				PRODUCT_NAME = "$(TARGET_NAME)";
				SDKROOT = auto;
				SUPPORTED_PLATFORMS = "iphoneos iphonesimulator macosx";
				SWIFT_EMIT_LOC_STRINGS = NO;
				SWIFT_VERSION = 5.0;
				TARGETED_DEVICE_FAMILY = "1,2";
				TEST_TARGET_NAME = CulturedUi;
			};
			name = Release;
		};
/* End XCBuildConfiguration section */

/* Begin XCConfigurationList section */
		1AB818BB2A1547AE006E99A8 /* Build configuration list for PBXProject "CulturedUi" */ = {
			isa = XCConfigurationList;
			buildConfigurations = (
				1AB818E32A1547AF006E99A8 /* Debug */,
				1AB818E42A1547AF006E99A8 /* Release */,
			);
			defaultConfigurationIsVisible = 0;
			defaultConfigurationName = Release;
		};
		1AB818E52A1547AF006E99A8 /* Build configuration list for PBXNativeTarget "CulturedUi" */ = {
			isa = XCConfigurationList;
			buildConfigurations = (
				1AB818E62A1547AF006E99A8 /* Debug */,
				1AB818E72A1547AF006E99A8 /* Release */,
			);
			defaultConfigurationIsVisible = 0;
			defaultConfigurationName = Release;
		};
		1AB818E82A1547AF006E99A8 /* Build configuration list for PBXNativeTarget "CulturedUiTests" */ = {
			isa = XCConfigurationList;
			buildConfigurations = (
				1AB818E92A1547AF006E99A8 /* Debug */,
				1AB818EA2A1547AF006E99A8 /* Release */,
			);
			defaultConfigurationIsVisible = 0;
			defaultConfigurationName = Release;
		};
		1AB818EB2A1547AF006E99A8 /* Build configuration list for PBXNativeTarget "CulturedUiUITests" */ = {
			isa = XCConfigurationList;
			buildConfigurations = (
				1AB818EC2A1547AF006E99A8 /* Debug */,
				1AB818ED2A1547AF006E99A8 /* Release */,
			);
			defaultConfigurationIsVisible = 0;
			defaultConfigurationName = Release;
		};
/* End XCConfigurationList section */
	};
	rootObject = 1AB818B82A1547AE006E99A8 /* Project object */;
}
